
Microsoft Visual Studio Solution File, Format Version 12.00
# Visual Studio Version 16
VisualStudioVersion = 16.0.810.25
MinimumVisualStudioVersion = 10.0.40219.1
Project("{FAE04EC0-301F-11D3-BF4B-00C04F79EFBC}") = "ECommerce", "ECommerce\ECommerce.csproj", "{024CAB54-B5BD-447A-BA01-B21B66EEA9E7}"
EndProject
Global
	GlobalSection(SolutionConfigurationPlatforms) = preSolution
		Debug|Any CPU = Debug|Any CPU
		Release|Any CPU = Release|Any CPU
	EndGlobalSection
	GlobalSection(ProjectConfigurationPlatforms) = postSolution
		{024CAB54-B5BD-447A-BA01-B21B66EEA9E7}.Debug|Any CPU.ActiveCfg = Debug|Any CPU
		{024CAB54-B5BD-447A-BA01-B21B66EEA9E7}.Debug|Any CPU.Build.0 = Debug|Any CPU
		{024CAB54-B5BD-447A-BA01-B21B66EEA9E7}.Release|Any CPU.ActiveCfg = Release|Any CPU
		{024CAB54-B5BD-447A-BA01-B21B66EEA9E7}.Release|Any CPU.Build.0 = Release|Any CPU
	EndGlobalSection
	GlobalSection(SolutionProperties) = preSolution
		HideSolutionNode = FALSE
	EndGlobalSection
	GlobalSection(ExtensibilityGlobals) = postSolution
		SolutionGuid = {49064597-6656-4D71-A71C-F628BA6F0EF1}
	EndGlobalSection
EndGlobal
